
Microsoft Visual Studio Solution File, Format Version 12.00
# Visual Studio Version 16
VisualStudioVersion = 16.0.32630.194
MinimumVisualStudioVersion = 10.0.40219.1
Project("{888888A0-9F3D-457C-B088-3A5042F75D52}") = "CaesarCipher", "CaesarCipher\CaesarCipher.pyproj", "{9B684C3F-6B5A-4C1A-B579-0C165B218CD1}"
EndProject
Global
	GlobalSection(SolutionConfigurationPlatforms) = preSolution
		Debug|Any CPU = Debug|Any CPU
		Release|Any CPU = Release|Any CPU
	EndGlobalSection
	GlobalSection(ProjectConfigurationPlatforms) = postSolution
		{9B684C3F-6B5A-4C1A-B579-0C165B218CD1}.Debug|Any CPU.ActiveCfg = Debug|Any CPU
		{9B684C3F-6B5A-4C1A-B579-0C165B218CD1}.Release|Any CPU.ActiveCfg = Release|Any CPU
	EndGlobalSection
	GlobalSection(SolutionProperties) = preSolution
		HideSolutionNode = FALSE
	EndGlobalSection
	GlobalSection(ExtensibilityGlobals) = postSolution
		SolutionGuid = {8B67ACC2-3E37-4121-90A7-2375BB0FFF8D}
	EndGlobalSection
EndGlobal
